
Microsoft Visual Studio Solution File, Format Version 12.00
# Visual Studio Version 17
VisualStudioVersion = 17.11.35222.181
MinimumVisualStudioVersion = 10.0.40219.1
Project("{FAE04EC0-301F-11D3-BF4B-00C04F79EFBC}") = "лабораторна 3 завдання 1", "лабораторна 3 завдання 1\лабораторна 3 завдання 1.csproj", "{56D8A278-6435-41B3-8291-2E319C40A3F6}"
EndProject
Global
	GlobalSection(SolutionConfigurationPlatforms) = preSolution
		Debug|Any CPU = Debug|Any CPU
		Release|Any CPU = Release|Any CPU
	EndGlobalSection
	GlobalSection(ProjectConfigurationPlatforms) = postSolution
		{56D8A278-6435-41B3-8291-2E319C40A3F6}.Debug|Any CPU.ActiveCfg = Debug|Any CPU
		{56D8A278-6435-41B3-8291-2E319C40A3F6}.Debug|Any CPU.Build.0 = Debug|Any CPU
		{56D8A278-6435-41B3-8291-2E319C40A3F6}.Release|Any CPU.ActiveCfg = Release|Any CPU
		{56D8A278-6435-41B3-8291-2E319C40A3F6}.Release|Any CPU.Build.0 = Release|Any CPU
	EndGlobalSection
	GlobalSection(SolutionProperties) = preSolution
		HideSolutionNode = FALSE
	EndGlobalSection
	GlobalSection(ExtensibilityGlobals) = postSolution
		SolutionGuid = {2E96AEE4-0807-4E3A-9631-8C7A626AFDAD}
	EndGlobalSection
EndGlobal
